
Microsoft Visual Studio Solution File, Format Version 12.00
# Visual Studio Version 17
VisualStudioVersion = 17.4.33213.308
MinimumVisualStudioVersion = 10.0.40219.1
Project("{FAE04EC0-301F-11D3-BF4B-00C04F79EFBC}") = "PolitekhSchedule.Android", "PolitekhSchedule.Android\PolitekhSchedule.Android.csproj", "{AF183495-23F2-464C-89B6-F705E5FBBE15}"
EndProject
Project("{FAE04EC0-301F-11D3-BF4B-00C04F79EFBC}") = "PolitekhSchedule", "PolitekhSchedule\PolitekhSchedule.csproj", "{504C47F8-0839-45D7-8B6D-1532DFD9BC72}"
EndProject
Global
	GlobalSection(SolutionConfigurationPlatforms) = preSolution
		Debug|Any CPU = Debug|Any CPU
		Release|Any CPU = Release|Any CPU
	EndGlobalSection
	GlobalSection(ProjectConfigurationPlatforms) = postSolution
		{AF183495-23F2-464C-89B6-F705E5FBBE15}.Debug|Any CPU.ActiveCfg = Debug|Any CPU
		{AF183495-23F2-464C-89B6-F705E5FBBE15}.Debug|Any CPU.Build.0 = Debug|Any CPU
		{AF183495-23F2-464C-89B6-F705E5FBBE15}.Debug|Any CPU.Deploy.0 = Debug|Any CPU
		{AF183495-23F2-464C-89B6-F705E5FBBE15}.Release|Any CPU.ActiveCfg = Release|Any CPU
		{AF183495-23F2-464C-89B6-F705E5FBBE15}.Release|Any CPU.Build.0 = Release|Any CPU
		{AF183495-23F2-464C-89B6-F705E5FBBE15}.Release|Any CPU.Deploy.0 = Release|Any CPU
		{504C47F8-0839-45D7-8B6D-1532DFD9BC72}.Debug|Any CPU.ActiveCfg = Debug|Any CPU
		{504C47F8-0839-45D7-8B6D-1532DFD9BC72}.Debug|Any CPU.Build.0 = Debug|Any CPU
		{504C47F8-0839-45D7-8B6D-1532DFD9BC72}.Debug|Any CPU.Deploy.0 = Debug|Any CPU
		{504C47F8-0839-45D7-8B6D-1532DFD9BC72}.Release|Any CPU.ActiveCfg = Release|Any CPU
		{504C47F8-0839-45D7-8B6D-1532DFD9BC72}.Release|Any CPU.Build.0 = Release|Any CPU
		{504C47F8-0839-45D7-8B6D-1532DFD9BC72}.Release|Any CPU.Deploy.0 = Release|Any CPU
	EndGlobalSection
	GlobalSection(SolutionProperties) = preSolution
		HideSolutionNode = FALSE
	EndGlobalSection
	GlobalSection(ExtensibilityGlobals) = postSolution
		SolutionGuid = {87BB0952-3693-48C1-BC4D-9192F999C51E}
	EndGlobalSection
EndGlobal
